// !$*UTF8*$!
{
	archiveVersion = 1;
	classes = {
	};
	objectVersion = 42;
	objects = {

/* Begin PBXBuildFile section */
		4D043A7F090AE979009FEDA8 /* TransmissionDocument.icns in Resources */ = {isa = PBXBuildFile; fileRef = 4D043A7E090AE979009FEDA8 /* TransmissionDocument.icns */; };
		4D096C12089FB4E20091B166 /* NameCell.m in Sources */ = {isa = PBXBuildFile; fileRef = 4D096C0F089FB4E20091B166 /* NameCell.m */; };
		4D096C13089FB4E20091B166 /* ProgressCell.m in Sources */ = {isa = PBXBuildFile; fileRef = 4D096C11089FB4E20091B166 /* ProgressCell.m */; };
		4D118E1A08CB46B20033958F /* PrefsController.m in Sources */ = {isa = PBXBuildFile; fileRef = 4D118E1908CB46B20033958F /* PrefsController.m */; };
		4D2784370905709500687951 /* Transmission.icns in Resources */ = {isa = PBXBuildFile; fileRef = 4D2784360905709500687951 /* Transmission.icns */; };
		4D364DA0091FBB2C00377D12 /* TorrentTableView.m in Sources */ = {isa = PBXBuildFile; fileRef = 4D364D9F091FBB2C00377D12 /* TorrentTableView.m */; };
		4D3EA0AA08AE13C600EA10C2 /* IOKit.framework in Frameworks */ = {isa = PBXBuildFile; fileRef = 4D3EA0A908AE13C600EA10C2 /* IOKit.framework */; };
		4D6DAAC6090CE00500F43C22 /* RevealOff.png in Resources */ = {isa = PBXBuildFile; fileRef = 4D6DAAC4090CE00500F43C22 /* RevealOff.png */; };
		4D6DAAC7090CE00500F43C22 /* RevealOn.png in Resources */ = {isa = PBXBuildFile; fileRef = 4D6DAAC5090CE00500F43C22 /* RevealOn.png */; };
		4D752E930913C949008EAAD4 /* Preferences.png in Resources */ = {isa = PBXBuildFile; fileRef = 4D752E920913C949008EAAD4 /* Preferences.png */; };
		4D813EB508AA43AC00191DB4 /* Progress.png in Resources */ = {isa = PBXBuildFile; fileRef = 4D813EB408AA43AC00191DB4 /* Progress.png */; };
		4D81E2E4092EF0CB00F24127 /* Growl.framework in Frameworks */ = {isa = PBXBuildFile; fileRef = 4D81E2E3092EF0CB00F24127 /* Growl.framework */; };
		4D81E309092EF26F00F24127 /* Growl.framework in CopyFiles */ = {isa = PBXBuildFile; fileRef = 4D81E2E3092EF0CB00F24127 /* Growl.framework */; };
		4DA6FDBA0911233800450CB1 /* PauseOn.png in Resources */ = {isa = PBXBuildFile; fileRef = 4DA6FDB80911233800450CB1 /* PauseOn.png */; };
		4DA6FDBB0911233800450CB1 /* PauseOff.png in Resources */ = {isa = PBXBuildFile; fileRef = 4DA6FDB90911233800450CB1 /* PauseOff.png */; };
		4DA6FDC5091141AD00450CB1 /* ResumeOff.png in Resources */ = {isa = PBXBuildFile; fileRef = 4DA6FDC3091141AD00450CB1 /* ResumeOff.png */; };
		4DA6FDC6091141AD00450CB1 /* ResumeOn.png in Resources */ = {isa = PBXBuildFile; fileRef = 4DA6FDC4091141AD00450CB1 /* ResumeOn.png */; };
		4DF0C5AB0899190500DD8943 /* Controller.m in Sources */ = {isa = PBXBuildFile; fileRef = 4DF0C5A90899190500DD8943 /* Controller.m */; };
		4DF0C5AE08991C1600DD8943 /* libtransmission.a in Frameworks */ = {isa = PBXBuildFile; fileRef = 4DF0C5AD08991C1600DD8943 /* libtransmission.a */; };
		4DF7500C08A103AD007B0D70 /* Open.png in Resources */ = {isa = PBXBuildFile; fileRef = 4DF7500708A103AD007B0D70 /* Open.png */; };
		4DF7500D08A103AD007B0D70 /* Info.png in Resources */ = {isa = PBXBuildFile; fileRef = 4DF7500808A103AD007B0D70 /* Info.png */; };
		4DF7500E08A103AD007B0D70 /* Remove.png in Resources */ = {isa = PBXBuildFile; fileRef = 4DF7500908A103AD007B0D70 /* Remove.png */; };
		8D11072A0486CEB800E47090 /* MainMenu.nib in Resources */ = {isa = PBXBuildFile; fileRef = 29B97318FDCFA39411CA2CEA /* MainMenu.nib */; };
		8D11072B0486CEB800E47090 /* InfoPlist.strings in Resources */ = {isa = PBXBuildFile; fileRef = 089C165CFE840E0CC02AAC07 /* InfoPlist.strings */; };
		8D11072D0486CEB800E47090 /* main.m in Sources */ = {isa = PBXBuildFile; fileRef = 29B97316FDCFA39411CA2CEA /* main.m */; settings = {ATTRIBUTES = (); }; };
		8D11072F0486CEB800E47090 /* Cocoa.framework in Frameworks */ = {isa = PBXBuildFile; fileRef = 1058C7A1FEA54F0111CA2CBB /* Cocoa.framework */; };
/* End PBXBuildFile section */

/* Begin PBXBuildStyle section */
		4A9504CCFFE6A4B311CA0CBA /* Debug */ = {
			isa = PBXBuildStyle;
			buildSettings = {
				COPY_PHASE_STRIP = NO;
				GCC_DYNAMIC_NO_PIC = NO;
				GCC_ENABLE_FIX_AND_CONTINUE = YES;
				GCC_GENERATE_DEBUGGING_SYMBOLS = YES;
				GCC_OPTIMIZATION_LEVEL = 0;
				PREBINDING = NO;
				ZERO_LINK = YES;
			};
			name = Debug;
		};
		4A9504CDFFE6A4B311CA0CBA /* Release */ = {
			isa = PBXBuildStyle;
			buildSettings = {
				COPY_PHASE_STRIP = YES;
				GCC_ENABLE_FIX_AND_CONTINUE = NO;
				GCC_GENERATE_DEBUGGING_SYMBOLS = NO;
				PREBINDING = NO;
				ZERO_LINK = NO;
			};
			name = Release;
		};
/* End PBXBuildStyle section */

/* Begin PBXCopyFilesBuildPhase section */
		4D81E301092EF24500F24127 /* CopyFiles */ = {
			isa = PBXCopyFilesBuildPhase;
			buildActionMask = 2147483647;
			dstPath = "";
			dstSubfolderSpec = 10;
			files = (
				4D81E309092EF26F00F24127 /* Growl.framework in CopyFiles */,
			);
			runOnlyForDeploymentPostprocessing = 0;
		};
/* End PBXCopyFilesBuildPhase section */

/* Begin PBXFileReference section */
		089C165DFE840E0CC02AAC07 /* English */ = {isa = PBXFileReference; fileEncoding = 10; lastKnownFileType = text.plist.strings; name = English; path = English.lproj/InfoPlist.strings; sourceTree = "<group>"; };
		1058C7A1FEA54F0111CA2CBB /* Cocoa.framework */ = {isa = PBXFileReference; lastKnownFileType = wrapper.framework; name = Cocoa.framework; path = /System/Library/Frameworks/Cocoa.framework; sourceTree = "<absolute>"; };
		13E42FB307B3F0F600E4EEF1 /* CoreData.framework */ = {isa = PBXFileReference; lastKnownFileType = wrapper.framework; name = CoreData.framework; path = /System/Library/Frameworks/CoreData.framework; sourceTree = "<absolute>"; };
		29B97316FDCFA39411CA2CEA /* main.m */ = {isa = PBXFileReference; fileEncoding = 4; lastKnownFileType = sourcecode.c.objc; path = main.m; sourceTree = "<group>"; };
		29B97319FDCFA39411CA2CEA /* English */ = {isa = PBXFileReference; lastKnownFileType = wrapper.nib; name = English; path = English.lproj/MainMenu.nib; sourceTree = "<group>"; };
		29B97324FDCFA39411CA2CEA /* AppKit.framework */ = {isa = PBXFileReference; lastKnownFileType = wrapper.framework; name = AppKit.framework; path = /System/Library/Frameworks/AppKit.framework; sourceTree = "<absolute>"; };
		29B97325FDCFA39411CA2CEA /* Foundation.framework */ = {isa = PBXFileReference; lastKnownFileType = wrapper.framework; name = Foundation.framework; path = /System/Library/Frameworks/Foundation.framework; sourceTree = "<absolute>"; };
		32CA4F630368D1EE00C91783 /* Transmission_Prefix.pch */ = {isa = PBXFileReference; fileEncoding = 4; lastKnownFileType = sourcecode.c.h; path = Transmission_Prefix.pch; sourceTree = "<group>"; };
		4D043A7E090AE979009FEDA8 /* TransmissionDocument.icns */ = {isa = PBXFileReference; lastKnownFileType = image.icns; name = TransmissionDocument.icns; path = Images/TransmissionDocument.icns; sourceTree = "<group>"; };
		4D096C0E089FB4E20091B166 /* NameCell.h */ = {isa = PBXFileReference; fileEncoding = 30; lastKnownFileType = sourcecode.c.h; path = NameCell.h; sourceTree = "<group>"; };
		4D096C0F089FB4E20091B166 /* NameCell.m */ = {isa = PBXFileReference; fileEncoding = 30; lastKnownFileType = sourcecode.c.objc; path = NameCell.m; sourceTree = "<group>"; };
		4D096C10089FB4E20091B166 /* ProgressCell.h */ = {isa = PBXFileReference; fileEncoding = 30; lastKnownFileType = sourcecode.c.h; path = ProgressCell.h; sourceTree = "<group>"; };
		4D096C11089FB4E20091B166 /* ProgressCell.m */ = {isa = PBXFileReference; fileEncoding = 30; lastKnownFileType = sourcecode.c.objc; path = ProgressCell.m; sourceTree = "<group>"; };
		4D118E1808CB46B20033958F /* PrefsController.h */ = {isa = PBXFileReference; fileEncoding = 30; lastKnownFileType = sourcecode.c.h; path = PrefsController.h; sourceTree = "<group>"; };
		4D118E1908CB46B20033958F /* PrefsController.m */ = {isa = PBXFileReference; fileEncoding = 30; lastKnownFileType = sourcecode.c.objc; path = PrefsController.m; sourceTree = "<group>"; };
		4D2784360905709500687951 /* Transmission.icns */ = {isa = PBXFileReference; lastKnownFileType = image.icns; name = Transmission.icns; path = Images/Transmission.icns; sourceTree = "<group>"; };
		4D364D9E091FBB2C00377D12 /* TorrentTableView.h */ = {isa = PBXFileReference; fileEncoding = 30; lastKnownFileType = sourcecode.c.h; path = TorrentTableView.h; sourceTree = "<group>"; };
		4D364D9F091FBB2C00377D12 /* TorrentTableView.m */ = {isa = PBXFileReference; fileEncoding = 30; lastKnownFileType = sourcecode.c.objc; path = TorrentTableView.m; sourceTree = "<group>"; };
		4D3EA0A908AE13C600EA10C2 /* IOKit.framework */ = {isa = PBXFileReference; lastKnownFileType = wrapper.framework; name = IOKit.framework; path = /System/Library/Frameworks/IOKit.framework; sourceTree = "<absolute>"; };
		4D6DAAC4090CE00500F43C22 /* RevealOff.png */ = {isa = PBXFileReference; lastKnownFileType = image.png; name = RevealOff.png; path = Images/RevealOff.png; sourceTree = "<group>"; };
		4D6DAAC5090CE00500F43C22 /* RevealOn.png */ = {isa = PBXFileReference; lastKnownFileType = image.png; name = RevealOn.png; path = Images/RevealOn.png; sourceTree = "<group>"; };
		4D752E920913C949008EAAD4 /* Preferences.png */ = {isa = PBXFileReference; lastKnownFileType = image.png; name = Preferences.png; path = Images/Preferences.png; sourceTree = "<group>"; };
		4D813EB408AA43AC00191DB4 /* Progress.png */ = {isa = PBXFileReference; lastKnownFileType = image.png; name = Progress.png; path = Images/Progress.png; sourceTree = "<group>"; };
		4D81E2E3092EF0CB00F24127 /* Growl.framework */ = {isa = PBXFileReference; lastKnownFileType = wrapper.framework; name = Growl.framework; path = Frameworks/Growl.framework; sourceTree = "<group>"; };
		4DA6FDB80911233800450CB1 /* PauseOn.png */ = {isa = PBXFileReference; lastKnownFileType = image.png; name = PauseOn.png; path = Images/PauseOn.png; sourceTree = "<group>"; };
		4DA6FDB90911233800450CB1 /* PauseOff.png */ = {isa = PBXFileReference; lastKnownFileType = image.png; name = PauseOff.png; path = Images/PauseOff.png; sourceTree = "<group>"; };
		4DA6FDC3091141AD00450CB1 /* ResumeOff.png */ = {isa = PBXFileReference; lastKnownFileType = image.png; name = ResumeOff.png; path = Images/ResumeOff.png; sourceTree = "<group>"; };
		4DA6FDC4091141AD00450CB1 /* ResumeOn.png */ = {isa = PBXFileReference; lastKnownFileType = image.png; name = ResumeOn.png; path = Images/ResumeOn.png; sourceTree = "<group>"; };
		4DF0C5A90899190500DD8943 /* Controller.m */ = {isa = PBXFileReference; fileEncoding = 30; lastKnownFileType = sourcecode.c.objc; path = Controller.m; sourceTree = "<group>"; };
		4DF0C5AA0899190500DD8943 /* Controller.h */ = {isa = PBXFileReference; fileEncoding = 30; lastKnownFileType = sourcecode.c.h; path = Controller.h; sourceTree = "<group>"; };
		4DF0C5AD08991C1600DD8943 /* libtransmission.a */ = {isa = PBXFileReference; lastKnownFileType = archive.ar; name = libtransmission.a; path = ../libtransmission/libtransmission.a; sourceTree = SOURCE_ROOT; };
		4DF7500708A103AD007B0D70 /* Open.png */ = {isa = PBXFileReference; lastKnownFileType = image.png; name = Open.png; path = Images/Open.png; sourceTree = "<group>"; };
		4DF7500808A103AD007B0D70 /* Info.png */ = {isa = PBXFileReference; lastKnownFileType = image.png; name = Info.png; path = Images/Info.png; sourceTree = "<group>"; };
		4DF7500908A103AD007B0D70 /* Remove.png */ = {isa = PBXFileReference; lastKnownFileType = image.png; name = Remove.png; path = Images/Remove.png; sourceTree = "<group>"; };
		8D1107310486CEB800E47090 /* Info.plist */ = {isa = PBXFileReference; fileEncoding = 4; lastKnownFileType = text.plist; path = Info.plist; sourceTree = "<group>"; };
		8D1107320486CEB800E47090 /* Transmission.app */ = {isa = PBXFileReference; explicitFileType = wrapper.application; includeInIndex = 0; path = Transmission.app; sourceTree = BUILT_PRODUCTS_DIR; };
/* End PBXFileReference section */

/* Begin PBXFrameworksBuildPhase section */
		8D11072E0486CEB800E47090 /* Frameworks */ = {
			isa = PBXFrameworksBuildPhase;
			buildActionMask = 2147483647;
			files = (
				8D11072F0486CEB800E47090 /* Cocoa.framework in Frameworks */,
				4DF0C5AE08991C1600DD8943 /* libtransmission.a in Frameworks */,
				4D3EA0AA08AE13C600EA10C2 /* IOKit.framework in Frameworks */,
				4D81E2E4092EF0CB00F24127 /* Growl.framework in Frameworks */,
			);
			runOnlyForDeploymentPostprocessing = 0;
		};
/* End PBXFrameworksBuildPhase section */

/* Begin PBXGroup section */
		080E96DDFE201D6D7F000001 /* Classes */ = {
			isa = PBXGroup;
			children = (
				4D096C0E089FB4E20091B166 /* NameCell.h */,
				4D096C0F089FB4E20091B166 /* NameCell.m */,
				4D096C10089FB4E20091B166 /* ProgressCell.h */,
				4D096C11089FB4E20091B166 /* ProgressCell.m */,
				4DF0C5A90899190500DD8943 /* Controller.m */,
				4DF0C5AA0899190500DD8943 /* Controller.h */,
				4D118E1808CB46B20033958F /* PrefsController.h */,
				4D118E1908CB46B20033958F /* PrefsController.m */,
				4D364D9E091FBB2C00377D12 /* TorrentTableView.h */,
				4D364D9F091FBB2C00377D12 /* TorrentTableView.m */,
			);
			name = Classes;
			sourceTree = "<group>";
		};
		1058C7A0FEA54F0111CA2CBB /* Linked Frameworks */ = {
			isa = PBXGroup;
			children = (
				1058C7A1FEA54F0111CA2CBB /* Cocoa.framework */,
				4D81E2E3092EF0CB00F24127 /* Growl.framework */,
			);
			name = "Linked Frameworks";
			sourceTree = "<group>";
		};
		1058C7A2FEA54F0111CA2CBB /* Other Frameworks */ = {
			isa = PBXGroup;
			children = (
				4D3EA0A908AE13C600EA10C2 /* IOKit.framework */,
				29B97324FDCFA39411CA2CEA /* AppKit.framework */,
				13E42FB307B3F0F600E4EEF1 /* CoreData.framework */,
				29B97325FDCFA39411CA2CEA /* Foundation.framework */,
			);
			name = "Other Frameworks";
			sourceTree = "<group>";
		};
		19C28FACFE9D520D11CA2CBB /* Products */ = {
			isa = PBXGroup;
			children = (
				8D1107320486CEB800E47090 /* Transmission.app */,
			);
			name = Products;
			sourceTree = "<group>";
		};
		29B97314FDCFA39411CA2CEA /* Transmission */ = {
			isa = PBXGroup;
			children = (
				4DF0C5AD08991C1600DD8943 /* libtransmission.a */,
				080E96DDFE201D6D7F000001 /* Classes */,
				29B97315FDCFA39411CA2CEA /* Other Sources */,
				29B97317FDCFA39411CA2CEA /* Resources */,
				29B97323FDCFA39411CA2CEA /* Frameworks */,
				19C28FACFE9D520D11CA2CBB /* Products */,
			);
			name = Transmission;
			sourceTree = "<group>";
		};
		29B97315FDCFA39411CA2CEA /* Other Sources */ = {
			isa = PBXGroup;
			children = (
				32CA4F630368D1EE00C91783 /* Transmission_Prefix.pch */,
				29B97316FDCFA39411CA2CEA /* main.m */,
			);
			name = "Other Sources";
			sourceTree = "<group>";
		};
		29B97317FDCFA39411CA2CEA /* Resources */ = {
			isa = PBXGroup;
			children = (
				4D2784360905709500687951 /* Transmission.icns */,
				4D043A7E090AE979009FEDA8 /* TransmissionDocument.icns */,
				4DF7500808A103AD007B0D70 /* Info.png */,
				4D813EB408AA43AC00191DB4 /* Progress.png */,
				4DF7500708A103AD007B0D70 /* Open.png */,
				4DF7500908A103AD007B0D70 /* Remove.png */,
				4D6DAAC4090CE00500F43C22 /* RevealOff.png */,
				4D6DAAC5090CE00500F43C22 /* RevealOn.png */,
				4DA6FDB80911233800450CB1 /* PauseOn.png */,
				4DA6FDB90911233800450CB1 /* PauseOff.png */,
				4DA6FDC3091141AD00450CB1 /* ResumeOff.png */,
				4DA6FDC4091141AD00450CB1 /* ResumeOn.png */,
				4D752E920913C949008EAAD4 /* Preferences.png */,
				8D1107310486CEB800E47090 /* Info.plist */,
				089C165CFE840E0CC02AAC07 /* InfoPlist.strings */,
				29B97318FDCFA39411CA2CEA /* MainMenu.nib */,
			);
			name = Resources;
			sourceTree = "<group>";
		};
		29B97323FDCFA39411CA2CEA /* Frameworks */ = {
			isa = PBXGroup;
			children = (
				1058C7A0FEA54F0111CA2CBB /* Linked Frameworks */,
				1058C7A2FEA54F0111CA2CBB /* Other Frameworks */,
			);
			name = Frameworks;
			sourceTree = "<group>";
		};
/* End PBXGroup section */

/* Begin PBXNativeTarget section */
		8D1107260486CEB800E47090 /* Transmission */ = {
			isa = PBXNativeTarget;
			buildConfigurationList = 4DF0C596089918A300DD8943 /* Build configuration list for PBXNativeTarget "Transmission" */;
			buildPhases = (
				8D1107290486CEB800E47090 /* Resources */,
				8D11072C0486CEB800E47090 /* Sources */,
				8D11072E0486CEB800E47090 /* Frameworks */,
				4D81E301092EF24500F24127 /* CopyFiles */,
			);
			buildRules = (
			);
			buildSettings = {
				GCC_GENERATE_DEBUGGING_SYMBOLS = NO;
				GCC_PRECOMPILE_PREFIX_HEADER = YES;
				GCC_PREFIX_HEADER = Transmission_Prefix.pch;
				GCC_WARN_ABOUT_RETURN_TYPE = YES;
				GCC_WARN_UNUSED_VARIABLE = YES;
				INFOPLIST_FILE = Info.plist;
				INSTALL_PATH = "$(HOME)/Applications";
				PRODUCT_NAME = Transmission;
				WRAPPER_EXTENSION = app;
			};
			dependencies = (
			);
			name = Transmission;
			productInstallPath = "$(HOME)/Applications";
			productName = Transmission;
			productReference = 8D1107320486CEB800E47090 /* Transmission.app */;
			productType = "com.apple.product-type.application";
		};
/* End PBXNativeTarget section */

/* Begin PBXProject section */
		29B97313FDCFA39411CA2CEA /* Project object */ = {
			isa = PBXProject;
			buildConfigurationList = 4DF0C59A089918A300DD8943 /* Build configuration list for PBXProject "Transmission" */;
			buildSettings = {
			};
			buildStyles = (
				4A9504CCFFE6A4B311CA0CBA /* Debug */,
				4A9504CDFFE6A4B311CA0CBA /* Release */,
			);
			hasScannedForEncodings = 1;
			mainGroup = 29B97314FDCFA39411CA2CEA /* Transmission */;
			projectDirPath = "";
			targets = (
				8D1107260486CEB800E47090 /* Transmission */,
			);
		};
/* End PBXProject section */

/* Begin PBXResourcesBuildPhase section */
		8D1107290486CEB800E47090 /* Resources */ = {
			isa = PBXResourcesBuildPhase;
			buildActionMask = 2147483647;
			files = (
				8D11072A0486CEB800E47090 /* MainMenu.nib in Resources */,
				8D11072B0486CEB800E47090 /* InfoPlist.strings in Resources */,
				4DF7500C08A103AD007B0D70 /* Open.png in Resources */,
				4DF7500D08A103AD007B0D70 /* Info.png in Resources */,
				4DF7500E08A103AD007B0D70 /* Remove.png in Resources */,
				4D813EB508AA43AC00191DB4 /* Progress.png in Resources */,
				4D2784370905709500687951 /* Transmission.icns in Resources */,
				4D043A7F090AE979009FEDA8 /* TransmissionDocument.icns in Resources */,
				4D6DAAC6090CE00500F43C22 /* RevealOff.png in Resources */,
				4D6DAAC7090CE00500F43C22 /* RevealOn.png in Resources */,
				4DA6FDBA0911233800450CB1 /* PauseOn.png in Resources */,
				4DA6FDBB0911233800450CB1 /* PauseOff.png in Resources */,
				4DA6FDC5091141AD00450CB1 /* ResumeOff.png in Resources */,
				4DA6FDC6091141AD00450CB1 /* ResumeOn.png in Resources */,
				4D752E930913C949008EAAD4 /* Preferences.png in Resources */,
			);
			runOnlyForDeploymentPostprocessing = 0;
		};
/* End PBXResourcesBuildPhase section */

/* Begin PBXSourcesBuildPhase section */
		8D11072C0486CEB800E47090 /* Sources */ = {
			isa = PBXSourcesBuildPhase;
			buildActionMask = 2147483647;
			files = (
				8D11072D0486CEB800E47090 /* main.m in Sources */,
				4DF0C5AB0899190500DD8943 /* Controller.m in Sources */,
				4D096C12089FB4E20091B166 /* NameCell.m in Sources */,
				4D096C13089FB4E20091B166 /* ProgressCell.m in Sources */,
				4D118E1A08CB46B20033958F /* PrefsController.m in Sources */,
				4D364DA0091FBB2C00377D12 /* TorrentTableView.m in Sources */,
			);
			runOnlyForDeploymentPostprocessing = 0;
		};
/* End PBXSourcesBuildPhase section */

/* Begin PBXVariantGroup section */
		089C165CFE840E0CC02AAC07 /* InfoPlist.strings */ = {
			isa = PBXVariantGroup;
			children = (
				089C165DFE840E0CC02AAC07 /* English */,
			);
			name = InfoPlist.strings;
			sourceTree = "<group>";
		};
		29B97318FDCFA39411CA2CEA /* MainMenu.nib */ = {
			isa = PBXVariantGroup;
			children = (
				29B97319FDCFA39411CA2CEA /* English */,
			);
			name = MainMenu.nib;
			sourceTree = "<group>";
		};
/* End PBXVariantGroup section */

/* Begin XCBuildConfiguration section */
		4DF0C599089918A300DD8943 /* Debug */ = {
			isa = XCBuildConfiguration;
			buildSettings = {
				ARCHS = (
					ppc,
					i386,
				);
				FRAMEWORK_SEARCH_PATHS = (
					"$(FRAMEWORK_SEARCH_PATHS)",
					"$(SRCROOT)/Frameworks",
				);
				GCC_GENERATE_DEBUGGING_SYMBOLS = YES;
				GCC_OPTIMIZATION_LEVEL = 3;
				GCC_PRECOMPILE_PREFIX_HEADER = YES;
				GCC_PREFIX_HEADER = Transmission_Prefix.pch;
				GCC_TREAT_NONCONFORMANT_CODE_ERRORS_AS_WARNINGS = NO;
				GCC_UNROLL_LOOPS = YES;
				GCC_WARN_ABOUT_MISSING_NEWLINE = YES;
				GCC_WARN_ABOUT_MISSING_PROTOTYPES = YES;
				GCC_WARN_ABOUT_RETURN_TYPE = YES;
				GCC_WARN_CHECK_SWITCH_STATEMENTS = YES;
				GCC_WARN_EFFECTIVE_CPLUSPLUS_VIOLATIONS = YES;
				GCC_WARN_HIDDEN_VIRTUAL_FUNCTIONS = YES;
				GCC_WARN_INITIALIZER_NOT_FULLY_BRACKETED = YES;
				GCC_WARN_MISSING_PARENTHESES = YES;
				GCC_WARN_NON_VIRTUAL_DESTRUCTOR = YES;
				GCC_WARN_SHADOW = YES;
				GCC_WARN_SIGN_COMPARE = YES;
				GCC_WARN_TYPECHECK_CALLS_TO_PRINTF = YES;
				GCC_WARN_UNINITIALIZED_AUTOS = YES;
				GCC_WARN_UNKNOWN_PRAGMAS = YES;
				GCC_WARN_UNUSED_FUNCTION = YES;
				GCC_WARN_UNUSED_LABEL = YES;
				GCC_WARN_UNUSED_PARAMETER = NO;
				GCC_WARN_UNUSED_VALUE = YES;
				GCC_WARN_UNUSED_VARIABLE = YES;
				HEADER_SEARCH_PATHS = "\"$(SRCROOT)/../libtransmission\"";
				INFOPLIST_FILE = Info.plist;
				INSTALL_PATH = "$(HOME)/Applications";
				LIBRARY_SEARCH_PATHS = "\"$(SRCROOT)/../libtransmission\"";
				OTHER_LDFLAGS = "-lcrypto";
				PRODUCT_NAME = Transmission;
				WRAPPER_EXTENSION = app;
			};
			name = Debug;
		};
		4DF0C59D089918A300DD8943 /* Debug */ = {
			isa = XCBuildConfiguration;
			buildSettings = {
				ARCHS = (
					ppc,
					i386,
				);
				COPY_PHASE_STRIP = NO;
				MACOSX_DEPLOYMENT_TARGET = 10.3;
				SDKROOT = /Developer/SDKs/MacOSX10.4u.sdk;
			};
			name = Debug;
		};
/* End XCBuildConfiguration section */

/* Begin XCConfigurationList section */
		4DF0C596089918A300DD8943 /* Build configuration list for PBXNativeTarget "Transmission" */ = {
			isa = XCConfigurationList;
			buildConfigurations = (
				4DF0C599089918A300DD8943 /* Debug */,
			);
			defaultConfigurationIsVisible = 0;
			defaultConfigurationName = Debug;
		};
		4DF0C59A089918A300DD8943 /* Build configuration list for PBXProject "Transmission" */ = {
			isa = XCConfigurationList;
			buildConfigurations = (
				4DF0C59D089918A300DD8943 /* Debug */,
			);
			defaultConfigurationIsVisible = 0;
			defaultConfigurationName = Debug;
		};
/* End XCConfigurationList section */
	};
	rootObject = 29B97313FDCFA39411CA2CEA /* Project object */;
}
